// !$*UTF8*$!
{
	archiveVersion = 1;
	classes = {
	};
	objectVersion = 46;
	objects = {

/* Begin PBXBuildFile section */
		1B9E8E091C0DE99700FB04EF /* AppDelegate.swift in Sources */ = {isa = PBXBuildFile; fileRef = 1B9E8E081C0DE99700FB04EF /* AppDelegate.swift */; };
		1B9E8E0B1C0DE99700FB04EF /* ViewController.swift in Sources */ = {isa = PBXBuildFile; fileRef = 1B9E8E0A1C0DE99700FB04EF /* ViewController.swift */; };
		1B9E8E0E1C0DE99900FB04EF /* Main.storyboard in Resources */ = {isa = PBXBuildFile; fileRef = 1B9E8E0C1C0DE99900FB04EF /* Main.storyboard */; };
		1B9E8E101C0DE99B00FB04EF /* Assets.xcassets in Resources */ = {isa = PBXBuildFile; fileRef = 1B9E8E0F1C0DE99B00FB04EF /* Assets.xcassets */; };
		1B9E8E131C0DE99B00FB04EF /* LaunchScreen.storyboard in Resources */ = {isa = PBXBuildFile; fileRef = 1B9E8E111C0DE99B00FB04EF /* LaunchScreen.storyboard */; };
/* End PBXBuildFile section */

/* Begin PBXFileReference section */
		1B9E8E051C0DE99600FB04EF /* Universales.app */ = {isa = PBXFileReference; explicitFileType = wrapper.application; includeInIndex = 0; path = Universales.app; sourceTree = BUILT_PRODUCTS_DIR; };
		1B9E8E081C0DE99700FB04EF /* AppDelegate.swift */ = {isa = PBXFileReference; lastKnownFileType = sourcecode.swift; path = AppDelegate.swift; sourceTree = "<group>"; };
		1B9E8E0A1C0DE99700FB04EF /* ViewController.swift */ = {isa = PBXFileReference; lastKnownFileType = sourcecode.swift; path = ViewController.swift; sourceTree = "<group>"; };
		1B9E8E0D1C0DE99900FB04EF /* Base */ = {isa = PBXFileReference; lastKnownFileType = file.storyboard; name = Base; path = Base.lproj/Main.storyboard; sourceTree = "<group>"; };
		1B9E8E0F1C0DE99B00FB04EF /* Assets.xcassets */ = {isa = PBXFileReference; lastKnownFileType = folder.assetcatalog; path = Assets.xcassets; sourceTree = "<group>"; };
		1B9E8E121C0DE99B00FB04EF /* Base */ = {isa = PBXFileReference; lastKnownFileType = file.storyboard; name = Base; path = Base.lproj/LaunchScreen.storyboard; sourceTree = "<group>"; };
		1B9E8E141C0DE99B00FB04EF /* Info.plist */ = {isa = PBXFileReference; lastKnownFileType = text.plist.xml; path = Info.plist; sourceTree = "<group>"; };
/* End PBXFileReference section */

/* Begin PBXFrameworksBuildPhase section */
		1B9E8E021C0DE99600FB04EF /* Frameworks */ = {
			isa = PBXFrameworksBuildPhase;
			buildActionMask = 2147483647;
			files = (
			);
			runOnlyForDeploymentPostprocessing = 0;
		};
/* End PBXFrameworksBuildPhase section */

/* Begin PBXGroup section */
		1B9E8DFC1C0DE99600FB04EF = {
			isa = PBXGroup;
			children = (
				1B9E8E071C0DE99600FB04EF /* Universales */,
				1B9E8E061C0DE99600FB04EF /* Products */,
			);
			sourceTree = "<group>";
		};
		1B9E8E061C0DE99600FB04EF /* Products */ = {
			isa = PBXGroup;
			children = (
				1B9E8E051C0DE99600FB04EF /* Universales.app */,
			);
			name = Products;
			sourceTree = "<group>";
		};
		1B9E8E071C0DE99600FB04EF /* Universales */ = {
			isa = PBXGroup;
			children = (
				1B9E8E081C0DE99700FB04EF /* AppDelegate.swift */,
				1B9E8E0A1C0DE99700FB04EF /* ViewController.swift */,
				1B9E8E0C1C0DE99900FB04EF /* Main.storyboard */,
				1B9E8E0F1C0DE99B00FB04EF /* Assets.xcassets */,
				1B9E8E111C0DE99B00FB04EF /* LaunchScreen.storyboard */,
				1B9E8E141C0DE99B00FB04EF /* Info.plist */,
			);
			path = Universales;
			sourceTree = "<group>";
		};
/* End PBXGroup section */

/* Begin PBXNativeTarget section */
		1B9E8E041C0DE99600FB04EF /* Universales */ = {
			isa = PBXNativeTarget;
			buildConfigurationList = 1B9E8E171C0DE99B00FB04EF /* Build configuration list for PBXNativeTarget "Universales" */;
			buildPhases = (
				1B9E8E011C0DE99600FB04EF /* Sources */,
				1B9E8E021C0DE99600FB04EF /* Frameworks */,
				1B9E8E031C0DE99600FB04EF /* Resources */,
			);
			buildRules = (
			);
			dependencies = (
			);
			name = Universales;
			productName = Universales;
			productReference = 1B9E8E051C0DE99600FB04EF /* Universales.app */;
			productType = "com.apple.product-type.application";
		};
/* End PBXNativeTarget section */

/* Begin PBXProject section */
		1B9E8DFD1C0DE99600FB04EF /* Project object */ = {
			isa = PBXProject;
			attributes = {
				LastSwiftUpdateCheck = 0710;
				LastUpgradeCheck = 0710;
				ORGANIZATIONNAME = Aplimovil;
				TargetAttributes = {
					1B9E8E041C0DE99600FB04EF = {
						CreatedOnToolsVersion = 7.1.1;
					};
				};
			};
			buildConfigurationList = 1B9E8E001C0DE99600FB04EF /* Build configuration list for PBXProject "Universales" */;
			compatibilityVersion = "Xcode 3.2";
			developmentRegion = English;
			hasScannedForEncodings = 0;
			knownRegions = (
				en,
				Base,
			);
			mainGroup = 1B9E8DFC1C0DE99600FB04EF;
			productRefGroup = 1B9E8E061C0DE99600FB04EF /* Products */;
			projectDirPath = "";
			projectRoot = "";
			targets = (
				1B9E8E041C0DE99600FB04EF /* Universales */,
			);
		};
/* End PBXProject section */

/* Begin PBXResourcesBuildPhase section */
		1B9E8E031C0DE99600FB04EF /* Resources */ = {
			isa = PBXResourcesBuildPhase;
			buildActionMask = 2147483647;
			files = (
				1B9E8E131C0DE99B00FB04EF /* LaunchScreen.storyboard in Resources */,
				1B9E8E101C0DE99B00FB04EF /* Assets.xcassets in Resources */,
				1B9E8E0E1C0DE99900FB04EF /* Main.storyboard in Resources */,
			);
			runOnlyForDeploymentPostprocessing = 0;
		};
/* End PBXResourcesBuildPhase section */

/* Begin PBXSourcesBuildPhase section */
		1B9E8E011C0DE99600FB04EF /* Sources */ = {
			isa = PBXSourcesBuildPhase;
			buildActionMask = 2147483647;
			files = (
				1B9E8E0B1C0DE99700FB04EF /* ViewController.swift in Sources */,
				1B9E8E091C0DE99700FB04EF /* AppDelegate.swift in Sources */,
			);
			runOnlyForDeploymentPostprocessing = 0;
		};
/* End PBXSourcesBuildPhase section */

/* Begin PBXVariantGroup section */
		1B9E8E0C1C0DE99900FB04EF /* Main.storyboard */ = {
			isa = PBXVariantGroup;
			children = (
				1B9E8E0D1C0DE99900FB04EF /* Base */,
			);
			name = Main.storyboard;
			sourceTree = "<group>";
		};
		1B9E8E111C0DE99B00FB04EF /* LaunchScreen.storyboard */ = {
			isa = PBXVariantGroup;
			children = (
				1B9E8E121C0DE99B00FB04EF /* Base */,
			);
			name = LaunchScreen.storyboard;
			sourceTree = "<group>";
		};
/* End PBXVariantGroup section */

/* Begin XCBuildConfiguration section */
		1B9E8E151C0DE99B00FB04EF /* Debug */ = {
			isa = XCBuildConfiguration;
			buildSettings = {
				ALWAYS_SEARCH_USER_PATHS = NO;
				CLANG_CXX_LANGUAGE_STANDARD = "gnu++0x";
				CLANG_CXX_LIBRARY = "libc++";
				CLANG_ENABLE_MODULES = YES;
				CLANG_ENABLE_OBJC_ARC = YES;
				CLANG_WARN_BOOL_CONVERSION = YES;
				CLANG_WARN_CONSTANT_CONVERSION = YES;
				CLANG_WARN_DIRECT_OBJC_ISA_USAGE = YES_ERROR;
				CLANG_WARN_EMPTY_BODY = YES;
				CLANG_WARN_ENUM_CONVERSION = YES;
				CLANG_WARN_INT_CONVERSION = YES;
				CLANG_WARN_OBJC_ROOT_CLASS = YES_ERROR;
				CLANG_WARN_UNREACHABLE_CODE = YES;
				CLANG_WARN__DUPLICATE_METHOD_MATCH = YES;
				"CODE_SIGN_IDENTITY[sdk=iphoneos*]" = "iPhone Developer";
				COPY_PHASE_STRIP = NO;
				DEBUG_INFORMATION_FORMAT = dwarf;
				ENABLE_STRICT_OBJC_MSGSEND = YES;
				ENABLE_TESTABILITY = YES;
				GCC_C_LANGUAGE_STANDARD = gnu99;
				GCC_DYNAMIC_NO_PIC = NO;
				GCC_NO_COMMON_BLOCKS = YES;
				GCC_OPTIMIZATION_LEVEL = 0;
				GCC_PREPROCESSOR_DEFINITIONS = (
					"DEBUG=1",
					"$(inherited)",
				);
				GCC_WARN_64_TO_32_BIT_CONVERSION = YES;
				GCC_WARN_ABOUT_RETURN_TYPE = YES_ERROR;
				GCC_WARN_UNDECLARED_SELECTOR = YES;
				GCC_WARN_UNINITIALIZED_AUTOS = YES_AGGRESSIVE;
				GCC_WARN_UNUSED_FUNCTION = YES;
				GCC_WARN_UNUSED_VARIABLE = YES;
				IPHONEOS_DEPLOYMENT_TARGET = 9.1;
				MTL_ENABLE_DEBUG_INFO = YES;
				ONLY_ACTIVE_ARCH = YES;
				SDKROOT = iphoneos;
				SWIFT_OPTIMIZATION_LEVEL = "-Onone";
				TARGETED_DEVICE_FAMILY = "1,2";
			};
			name = Debug;
		};
		1B9E8E161C0DE99B00FB04EF /* Release */ = {
			isa = XCBuildConfiguration;
			buildSettings = {
				ALWAYS_SEARCH_USER_PATHS = NO;
				CLANG_CXX_LANGUAGE_STANDARD = "gnu++0x";
				CLANG_CXX_LIBRARY = "libc++";
				CLANG_ENABLE_MODULES = YES;
				CLANG_ENABLE_OBJC_ARC = YES;
				CLANG_WARN_BOOL_CONVERSION = YES;
				CLANG_WARN_CONSTANT_CONVERSION = YES;
				CLANG_WARN_DIRECT_OBJC_ISA_USAGE = YES_ERROR;
				CLANG_WARN_EMPTY_BODY = YES;
				CLANG_WARN_ENUM_CONVERSION = YES;
				CLANG_WARN_INT_CONVERSION = YES;
				CLANG_WARN_OBJC_ROOT_CLASS = YES_ERROR;
				CLANG_WARN_UNREACHABLE_CODE = YES;
				CLANG_WARN__DUPLICATE_METHOD_MATCH = YES;
				"CODE_SIGN_IDENTITY[sdk=iphoneos*]" = "iPhone Developer";
				COPY_PHASE_STRIP = NO;
				DEBUG_INFORMATION_FORMAT = "dwarf-with-dsym";
				ENABLE_NS_ASSERTIONS = NO;
				ENABLE_STRICT_OBJC_MSGSEND = YES;
				GCC_C_LANGUAGE_STANDARD = gnu99;
				GCC_NO_COMMON_BLOCKS = YES;
				GCC_WARN_64_TO_32_BIT_CONVERSION = YES;
				GCC_WARN_ABOUT_RETURN_TYPE = YES_ERROR;
				GCC_WARN_UNDECLARED_SELECTOR = YES;
				GCC_WARN_UNINITIALIZED_AUTOS = YES_AGGRESSIVE;
				GCC_WARN_UNUSED_FUNCTION = YES;
				GCC_WARN_UNUSED_VARIABLE = YES;
				IPHONEOS_DEPLOYMENT_TARGET = 9.1;
				MTL_ENABLE_DEBUG_INFO = NO;
				SDKROOT = iphoneos;
				TARGETED_DEVICE_FAMILY = "1,2";
				VALIDATE_PRODUCT = YES;
			};
			name = Release;
		};
		1B9E8E181C0DE99B00FB04EF /* Debug */ = {
			isa = XCBuildConfiguration;
			buildSettings = {
				ASSETCATALOG_COMPILER_APPICON_NAME = AppIcon;
				INFOPLIST_FILE = Universales/Info.plist;
				LD_RUNPATH_SEARCH_PATHS = "$(inherited) @executable_path/Frameworks";
				PRODUCT_BUNDLE_IDENTIFIER = unicauca.Universales;
				PRODUCT_NAME = "$(TARGET_NAME)";
			};
			name = Debug;
		};
		1B9E8E191C0DE99B00FB04EF /* Release */ = {
			isa = XCBuildConfiguration;
			buildSettings = {
				ASSETCATALOG_COMPILER_APPICON_NAME = AppIcon;
				INFOPLIST_FILE = Universales/Info.plist;
				LD_RUNPATH_SEARCH_PATHS = "$(inherited) @executable_path/Frameworks";
				PRODUCT_BUNDLE_IDENTIFIER = unicauca.Universales;
				PRODUCT_NAME = "$(TARGET_NAME)";
			};
			name = Release;
		};
/* End XCBuildConfiguration section */

/* Begin XCConfigurationList section */
		1B9E8E001C0DE99600FB04EF /* Build configuration list for PBXProject "Universales" */ = {
			isa = XCConfigurationList;
			buildConfigurations = (
				1B9E8E151C0DE99B00FB04EF /* Debug */,
				1B9E8E161C0DE99B00FB04EF /* Release */,
			);
			defaultConfigurationIsVisible = 0;
			defaultConfigurationName = Release;
		};
		1B9E8E171C0DE99B00FB04EF /* Build configuration list for PBXNativeTarget "Universales" */ = {
			isa = XCConfigurationList;
			buildConfigurations = (
				1B9E8E181C0DE99B00FB04EF /* Debug */,
				1B9E8E191C0DE99B00FB04EF /* Release */,
			);
			defaultConfigurationIsVisible = 0;
		};
/* End XCConfigurationList section */
	};
	rootObject = 1B9E8DFD1C0DE99600FB04EF /* Project object */;
}
